
Microsoft Visual Studio Solution File, Format Version 12.00
# Visual Studio Version 16
VisualStudioVersion = 16.0.29806.167
MinimumVisualStudioVersion = 10.0.40219.1
Project("{8BC9CEB8-8B4A-11D0-8D11-00A0C91BC942}") = "Receiver", "Project1.vcxproj", "{3737B2F6-29FB-4CDB-BCCA-5F6F9B825D4D}"
EndProject
Project("{8BC9CEB8-8B4A-11D0-8D11-00A0C91BC942}") = "Sender", "..\Sender\Sender.vcxproj", "{287448B1-04C4-49D0-B1D4-5E55166026CA}"
EndProject
Global
	GlobalSection(SolutionConfigurationPlatforms) = preSolution
		Debug|x64 = Debug|x64
		Debug|x86 = Debug|x86
		Release|x64 = Release|x64
		Release|x86 = Release|x86
	EndGlobalSection
	GlobalSection(ProjectConfigurationPlatforms) = postSolution
		{3737B2F6-29FB-4CDB-BCCA-5F6F9B825D4D}.Debug|x64.ActiveCfg = Debug|x64
		{3737B2F6-29FB-4CDB-BCCA-5F6F9B825D4D}.Debug|x64.Build.0 = Debug|x64
		{3737B2F6-29FB-4CDB-BCCA-5F6F9B825D4D}.Debug|x86.ActiveCfg = Debug|Win32
		{3737B2F6-29FB-4CDB-BCCA-5F6F9B825D4D}.Debug|x86.Build.0 = Debug|Win32
		{3737B2F6-29FB-4CDB-BCCA-5F6F9B825D4D}.Release|x64.ActiveCfg = Release|x64
		{3737B2F6-29FB-4CDB-BCCA-5F6F9B825D4D}.Release|x64.Build.0 = Release|x64
		{3737B2F6-29FB-4CDB-BCCA-5F6F9B825D4D}.Release|x86.ActiveCfg = Release|Win32
		{3737B2F6-29FB-4CDB-BCCA-5F6F9B825D4D}.Release|x86.Build.0 = Release|Win32
		{287448B1-04C4-49D0-B1D4-5E55166026CA}.Debug|x64.ActiveCfg = Debug|x64
		{287448B1-04C4-49D0-B1D4-5E55166026CA}.Debug|x64.Build.0 = Debug|x64
		{287448B1-04C4-49D0-B1D4-5E55166026CA}.Debug|x86.ActiveCfg = Debug|Win32
		{287448B1-04C4-49D0-B1D4-5E55166026CA}.Debug|x86.Build.0 = Debug|Win32
		{287448B1-04C4-49D0-B1D4-5E55166026CA}.Release|x64.ActiveCfg = Release|x64
		{287448B1-04C4-49D0-B1D4-5E55166026CA}.Release|x64.Build.0 = Release|x64
		{287448B1-04C4-49D0-B1D4-5E55166026CA}.Release|x86.ActiveCfg = Release|Win32
		{287448B1-04C4-49D0-B1D4-5E55166026CA}.Release|x86.Build.0 = Release|Win32
	EndGlobalSection
	GlobalSection(SolutionProperties) = preSolution
		HideSolutionNode = FALSE
	EndGlobalSection
	GlobalSection(ExtensibilityGlobals) = postSolution
		SolutionGuid = {73AAE18F-D9A5-47F4-944A-6A09A25D2464}
	EndGlobalSection
EndGlobal
